
Microsoft Visual Studio Solution File, Format Version 12.00
# Visual Studio Version 17
VisualStudioVersion = 17.14.36429.23 d17.14
MinimumVisualStudioVersion = 10.0.40219.1
Project("{FAE04EC0-301F-11D3-BF4B-00C04F79EFBC}") = "projetomapa", "projetomapa\projetomapa.csproj", "{5DD60D74-B99E-41C7-862D-66A22AA92E7E}"
EndProject
Global
	GlobalSection(SolutionConfigurationPlatforms) = preSolution
		Debug|Any CPU = Debug|Any CPU
		Release|Any CPU = Release|Any CPU
	EndGlobalSection
	GlobalSection(ProjectConfigurationPlatforms) = postSolution
		{5DD60D74-B99E-41C7-862D-66A22AA92E7E}.Debug|Any CPU.ActiveCfg = Debug|Any CPU
		{5DD60D74-B99E-41C7-862D-66A22AA92E7E}.Debug|Any CPU.Build.0 = Debug|Any CPU
		{5DD60D74-B99E-41C7-862D-66A22AA92E7E}.Release|Any CPU.ActiveCfg = Release|Any CPU
		{5DD60D74-B99E-41C7-862D-66A22AA92E7E}.Release|Any CPU.Build.0 = Release|Any CPU
	EndGlobalSection
	GlobalSection(SolutionProperties) = preSolution
		HideSolutionNode = FALSE
	EndGlobalSection
	GlobalSection(ExtensibilityGlobals) = postSolution
		SolutionGuid = {219EBCA7-2AAC-4D0A-8685-1D047F1B23A1}
	EndGlobalSection
EndGlobal
